[[package]]
id = 8
name = "appdirs"
version = "1.4.4"
source = "pypi+https://pypi.org/pypi/appdirs/1.4.4/json"
dependencies = []

[[package]]
id = 3
name = "typing-extensions"
version = "3.7.4.3"
source = "pypi+https://pypi.org/pypi/typing-extensions/3.7.4.3/json"
dependencies = []

[[package]]
id = 13
name = "pyflakes"
version = "2.2.0"
source = "pypi+https://pypi.org/pypi/pyflakes/2.2.0/json"
dependencies = []

[[package]]
id = 11
name = "mccabe"
version = "0.6.1"
source = "pypi+https://pypi.org/pypi/mccabe/0.6.1/json"
dependencies = []

[[package]]
id = 10
name = "flake8"
version = "3.8.4"
source = "pypi+https://pypi.org/pypi/flake8/3.8.4/json"
dependencies = ["pyflakes 2.2.0 pypi+https://pypi.org/pypi/pyflakes/2.2.0/json", "mccabe 0.6.1 pypi+https://pypi.org/pypi/mccabe/0.6.1/json", "pycodestyle 2.6.0 pypi+https://pypi.org/pypi/pycodestyle/2.6.0/json"]

[[package]]
id = 6
name = "typed-ast"
version = "1.4.1"
source = "pypi+https://pypi.org/pypi/typed-ast/1.4.1/json"
dependencies = []

[[package]]
id = 1
name = "black"
version = "20.8.0b1"
source = "pypi+https://pypi.org/pypi/black/20.8.0b1/json"
dependencies = ["typed-ast 1.4.1 pypi+https://pypi.org/pypi/typed-ast/1.4.1/json", "toml 0.10.1 pypi+https://pypi.org/pypi/toml/0.10.1/json", "regex 2020.9.27 pypi+https://pypi.org/pypi/regex/2020.9.27/json", "mypy-extensions 0.4.3 pypi+https://pypi.org/pypi/mypy-extensions/0.4.3/json", "appdirs 1.4.4 pypi+https://pypi.org/pypi/appdirs/1.4.4/json", "pathspec 0.8.0 pypi+https://pypi.org/pypi/pathspec/0.8.0/json", "click 7.1.2 pypi+https://pypi.org/pypi/click/7.1.2/json", "typing-extensions 3.7.4.3 pypi+https://pypi.org/pypi/typing-extensions/3.7.4.3/json"]

[[package]]
id = 12
name = "pycodestyle"
version = "2.6.0"
source = "pypi+https://pypi.org/pypi/pycodestyle/2.6.0/json"
dependencies = []

[[package]]
id = 4
name = "pathspec"
version = "0.8.0"
source = "pypi+https://pypi.org/pypi/pathspec/0.8.0/json"
dependencies = []

[[package]]
id = 5
name = "regex"
version = "2020.9.27"
source = "pypi+https://pypi.org/pypi/regex/2020.9.27/json"
dependencies = []

[[package]]
id = 2
name = "mypy-extensions"
version = "0.4.3"
source = "pypi+https://pypi.org/pypi/mypy-extensions/0.4.3/json"
dependencies = []

[[package]]
id = 9
name = "click"
version = "7.1.2"
source = "pypi+https://pypi.org/pypi/click/7.1.2/json"
dependencies = []

[[package]]
id = 7
name = "toml"
version = "0.10.1"
source = "pypi+https://pypi.org/pypi/toml/0.10.1/json"
dependencies = []

[metadata]
